
Microsoft Visual Studio Solution File, Format Version 12.00
# Visual Studio Version 16
VisualStudioVersion = 16.0.31624.102
MinimumVisualStudioVersion = 10.0.40219.1
Project("{2150E333-8FDC-42A3-9474-1A3956D46DE8}") = "Tests", "Tests", "{7ED96093-3088-413B-BDE3-B4ED0C8301AA}"
EndProject
Project("{FAE04EC0-301F-11D3-BF4B-00C04F79EFBC}") = "Weather.API", "Weather.API\Weather.API.csproj", "{3F68B2EB-459D-44C2-85B4-FE82C7066084}"
EndProject
Project("{FAE04EC0-301F-11D3-BF4B-00C04F79EFBC}") = "Application.UnitTests", "Tests\Application.UnitTests\Application.UnitTests.csproj", "{3EFE637D-0663-4E81-8216-A0CF98EDD771}"
EndProject
Project("{FAE04EC0-301F-11D3-BF4B-00C04F79EFBC}") = "Application.IntegrationTests", "Tests\Application.IntegrationTests\Application.IntegrationTests.csproj", "{BC90F876-59F0-4EA9-9194-CFCF10191BC8}"
EndProject
Global
	GlobalSection(SolutionConfigurationPlatforms) = preSolution
		Debug|Any CPU = Debug|Any CPU
		Release|Any CPU = Release|Any CPU
	EndGlobalSection
	GlobalSection(ProjectConfigurationPlatforms) = postSolution
		{3F68B2EB-459D-44C2-85B4-FE82C7066084}.Debug|Any CPU.ActiveCfg = Debug|Any CPU
		{3F68B2EB-459D-44C2-85B4-FE82C7066084}.Debug|Any CPU.Build.0 = Debug|Any CPU
		{3F68B2EB-459D-44C2-85B4-FE82C7066084}.Release|Any CPU.ActiveCfg = Release|Any CPU
		{3F68B2EB-459D-44C2-85B4-FE82C7066084}.Release|Any CPU.Build.0 = Release|Any CPU
		{3EFE637D-0663-4E81-8216-A0CF98EDD771}.Debug|Any CPU.ActiveCfg = Debug|Any CPU
		{3EFE637D-0663-4E81-8216-A0CF98EDD771}.Debug|Any CPU.Build.0 = Debug|Any CPU
		{3EFE637D-0663-4E81-8216-A0CF98EDD771}.Release|Any CPU.ActiveCfg = Release|Any CPU
		{3EFE637D-0663-4E81-8216-A0CF98EDD771}.Release|Any CPU.Build.0 = Release|Any CPU
		{BC90F876-59F0-4EA9-9194-CFCF10191BC8}.Debug|Any CPU.ActiveCfg = Debug|Any CPU
		{BC90F876-59F0-4EA9-9194-CFCF10191BC8}.Debug|Any CPU.Build.0 = Debug|Any CPU
		{BC90F876-59F0-4EA9-9194-CFCF10191BC8}.Release|Any CPU.ActiveCfg = Release|Any CPU
		{BC90F876-59F0-4EA9-9194-CFCF10191BC8}.Release|Any CPU.Build.0 = Release|Any CPU
	EndGlobalSection
	GlobalSection(SolutionProperties) = preSolution
		HideSolutionNode = FALSE
	EndGlobalSection
	GlobalSection(NestedProjects) = preSolution
		{3EFE637D-0663-4E81-8216-A0CF98EDD771} = {7ED96093-3088-413B-BDE3-B4ED0C8301AA}
		{BC90F876-59F0-4EA9-9194-CFCF10191BC8} = {7ED96093-3088-413B-BDE3-B4ED0C8301AA}
	EndGlobalSection
	GlobalSection(ExtensibilityGlobals) = postSolution
		SolutionGuid = {C0CBE659-9906-4045-B74F-7B0D555E0CE3}
	EndGlobalSection
EndGlobal
